
Microsoft Visual Studio Solution File, Format Version 12.00
# Visual Studio Version 17
VisualStudioVersion = 17.6.33829.357
MinimumVisualStudioVersion = 10.0.40219.1
Project("{9A19103F-16F7-4668-BE54-9A1E7A4F7556}") = "BLL", "BLL\BLL.csproj", "{DF3D10EF-7B1D-4E57-B0C7-3B9BBF05C85F}"
EndProject
Project("{9A19103F-16F7-4668-BE54-9A1E7A4F7556}") = "DAL", "DAL\DAL.csproj", "{BC553991-19A6-4C67-A5AD-E446A062804E}"
EndProject
Project("{9A19103F-16F7-4668-BE54-9A1E7A4F7556}") = "Front", "Front\Front.csproj", "{FAFA743A-759E-42D1-98B2-4B53CD0DD330}"
EndProject
Global
	GlobalSection(SolutionConfigurationPlatforms) = preSolution
		Debug|Any CPU = Debug|Any CPU
		Release|Any CPU = Release|Any CPU
	EndGlobalSection
	GlobalSection(ProjectConfigurationPlatforms) = postSolution
		{DF3D10EF-7B1D-4E57-B0C7-3B9BBF05C85F}.Debug|Any CPU.ActiveCfg = Debug|Any CPU
		{DF3D10EF-7B1D-4E57-B0C7-3B9BBF05C85F}.Debug|Any CPU.Build.0 = Debug|Any CPU
		{DF3D10EF-7B1D-4E57-B0C7-3B9BBF05C85F}.Release|Any CPU.ActiveCfg = Release|Any CPU
		{DF3D10EF-7B1D-4E57-B0C7-3B9BBF05C85F}.Release|Any CPU.Build.0 = Release|Any CPU
		{BC553991-19A6-4C67-A5AD-E446A062804E}.Debug|Any CPU.ActiveCfg = Debug|Any CPU
		{BC553991-19A6-4C67-A5AD-E446A062804E}.Debug|Any CPU.Build.0 = Debug|Any CPU
		{BC553991-19A6-4C67-A5AD-E446A062804E}.Release|Any CPU.ActiveCfg = Release|Any CPU
		{BC553991-19A6-4C67-A5AD-E446A062804E}.Release|Any CPU.Build.0 = Release|Any CPU
		{FAFA743A-759E-42D1-98B2-4B53CD0DD330}.Debug|Any CPU.ActiveCfg = Debug|Any CPU
		{FAFA743A-759E-42D1-98B2-4B53CD0DD330}.Debug|Any CPU.Build.0 = Debug|Any CPU
		{FAFA743A-759E-42D1-98B2-4B53CD0DD330}.Release|Any CPU.ActiveCfg = Release|Any CPU
		{FAFA743A-759E-42D1-98B2-4B53CD0DD330}.Release|Any CPU.Build.0 = Release|Any CPU
	EndGlobalSection
	GlobalSection(SolutionProperties) = preSolution
		HideSolutionNode = FALSE
	EndGlobalSection
	GlobalSection(ExtensibilityGlobals) = postSolution
		SolutionGuid = {709BA2F9-A853-4DC2-A98A-33FEBD244C05}
	EndGlobalSection
EndGlobal
