
Microsoft Visual Studio Solution File, Format Version 12.00
# Visual Studio Version 17
VisualStudioVersion = 17.6.33829.357
MinimumVisualStudioVersion = 10.0.40219.1
Project("{9A19103F-16F7-4668-BE54-9A1E7A4F7556}") = "BLL", "..\..\Users\lokel\Downloads\Magnus-Skole-H1-main\Magnus-Skole-H1\BLL\BLL.csproj", "{2014BD2D-D89A-47E2-9997-C567BB7C9A07}"
EndProject
Project("{9A19103F-16F7-4668-BE54-9A1E7A4F7556}") = "DAL", "..\..\Users\lokel\Downloads\Magnus-Skole-H1-main\Magnus-Skole-H1\DAL\DAL.csproj", "{2474770D-8FF1-4CFE-94A3-69732EF2EC9E}"
EndProject
Project("{9A19103F-16F7-4668-BE54-9A1E7A4F7556}") = "Front", "..\..\Users\lokel\Downloads\Magnus-Skole-H1-main\Magnus-Skole-H1\Front\Front.csproj", "{BCC9DB25-D97C-407B-9FFF-1725AE188AFB}"
EndProject
Global
	GlobalSection(SolutionConfigurationPlatforms) = preSolution
		Debug|Any CPU = Debug|Any CPU
		Release|Any CPU = Release|Any CPU
	EndGlobalSection
	GlobalSection(ProjectConfigurationPlatforms) = postSolution
		{2014BD2D-D89A-47E2-9997-C567BB7C9A07}.Debug|Any CPU.ActiveCfg = Debug|Any CPU
		{2014BD2D-D89A-47E2-9997-C567BB7C9A07}.Debug|Any CPU.Build.0 = Debug|Any CPU
		{2014BD2D-D89A-47E2-9997-C567BB7C9A07}.Release|Any CPU.ActiveCfg = Release|Any CPU
		{2014BD2D-D89A-47E2-9997-C567BB7C9A07}.Release|Any CPU.Build.0 = Release|Any CPU
		{2474770D-8FF1-4CFE-94A3-69732EF2EC9E}.Debug|Any CPU.ActiveCfg = Debug|Any CPU
		{2474770D-8FF1-4CFE-94A3-69732EF2EC9E}.Debug|Any CPU.Build.0 = Debug|Any CPU
		{2474770D-8FF1-4CFE-94A3-69732EF2EC9E}.Release|Any CPU.ActiveCfg = Release|Any CPU
		{2474770D-8FF1-4CFE-94A3-69732EF2EC9E}.Release|Any CPU.Build.0 = Release|Any CPU
		{BCC9DB25-D97C-407B-9FFF-1725AE188AFB}.Debug|Any CPU.ActiveCfg = Debug|Any CPU
		{BCC9DB25-D97C-407B-9FFF-1725AE188AFB}.Debug|Any CPU.Build.0 = Debug|Any CPU
		{BCC9DB25-D97C-407B-9FFF-1725AE188AFB}.Release|Any CPU.ActiveCfg = Release|Any CPU
		{BCC9DB25-D97C-407B-9FFF-1725AE188AFB}.Release|Any CPU.Build.0 = Release|Any CPU
	EndGlobalSection
	GlobalSection(SolutionProperties) = preSolution
		HideSolutionNode = FALSE
	EndGlobalSection
	GlobalSection(ExtensibilityGlobals) = postSolution
		SolutionGuid = {709BA2F9-A853-4DC2-A98A-33FEBD244C05}
	EndGlobalSection
EndGlobal
